// !$*UTF8*$!
{
	archiveVersion = 1;
	classes = {
	};
	objectVersion = 46;
	objects = {

/* Begin PBXBuildFile section */
		13BBCDAE8EEC16F9BF431BAF /* Pods_Spinner.framework in Frameworks */ = {isa = PBXBuildFile; fileRef = ED02A6E4FE2CEDE01FF68E5B /* Pods_Spinner.framework */; };
		9B0EBF941F1C68EE001FB027 /* AppDelegate.swift in Sources */ = {isa = PBXBuildFile; fileRef = 9B0EBF931F1C68EE001FB027 /* AppDelegate.swift */; };
		9B0EBF961F1C68EE001FB027 /* ViewController.swift in Sources */ = {isa = PBXBuildFile; fileRef = 9B0EBF951F1C68EE001FB027 /* ViewController.swift */; };
		9B0EBF991F1C68EE001FB027 /* Main.storyboard in Resources */ = {isa = PBXBuildFile; fileRef = 9B0EBF971F1C68EE001FB027 /* Main.storyboard */; };
		9B0EBF9B1F1C68EE001FB027 /* Assets.xcassets in Resources */ = {isa = PBXBuildFile; fileRef = 9B0EBF9A1F1C68EE001FB027 /* Assets.xcassets */; };
		9B0EBF9E1F1C68EE001FB027 /* LaunchScreen.storyboard in Resources */ = {isa = PBXBuildFile; fileRef = 9B0EBF9C1F1C68EE001FB027 /* LaunchScreen.storyboard */; };
		9B0EBFA61F1C748E001FB027 /* GoogleService-Info.plist in Resources */ = {isa = PBXBuildFile; fileRef = 9B0EBFA51F1C748E001FB027 /* GoogleService-Info.plist */; };
		9B5035281F1CA0D700887E57 /* NewViewController.swift in Sources */ = {isa = PBXBuildFile; fileRef = 9B5035271F1CA0D700887E57 /* NewViewController.swift */; };
		9B50352A1F1CAEEC00887E57 /* RegisterViewController.swift in Sources */ = {isa = PBXBuildFile; fileRef = 9B5035291F1CAEEC00887E57 /* RegisterViewController.swift */; };
/* End PBXBuildFile section */

/* Begin PBXFileReference section */
		14E874B3A6F9961777AF62DD /* Pods-Spinner.debug.xcconfig */ = {isa = PBXFileReference; includeInIndex = 1; lastKnownFileType = text.xcconfig; name = "Pods-Spinner.debug.xcconfig"; path = "Pods/Target Support Files/Pods-Spinner/Pods-Spinner.debug.xcconfig"; sourceTree = "<group>"; };
		9B0EBF901F1C68EE001FB027 /* Spinner.app */ = {isa = PBXFileReference; explicitFileType = wrapper.application; includeInIndex = 0; path = Spinner.app; sourceTree = BUILT_PRODUCTS_DIR; };
		9B0EBF931F1C68EE001FB027 /* AppDelegate.swift */ = {isa = PBXFileReference; lastKnownFileType = sourcecode.swift; path = AppDelegate.swift; sourceTree = "<group>"; };
		9B0EBF951F1C68EE001FB027 /* ViewController.swift */ = {isa = PBXFileReference; lastKnownFileType = sourcecode.swift; path = ViewController.swift; sourceTree = "<group>"; };
		9B0EBF981F1C68EE001FB027 /* Base */ = {isa = PBXFileReference; lastKnownFileType = file.storyboard; name = Base; path = Base.lproj/Main.storyboard; sourceTree = "<group>"; };
		9B0EBF9A1F1C68EE001FB027 /* Assets.xcassets */ = {isa = PBXFileReference; lastKnownFileType = folder.assetcatalog; path = Assets.xcassets; sourceTree = "<group>"; };
		9B0EBF9D1F1C68EE001FB027 /* Base */ = {isa = PBXFileReference; lastKnownFileType = file.storyboard; name = Base; path = Base.lproj/LaunchScreen.storyboard; sourceTree = "<group>"; };
		9B0EBF9F1F1C68EE001FB027 /* Info.plist */ = {isa = PBXFileReference; lastKnownFileType = text.plist.xml; path = Info.plist; sourceTree = "<group>"; };
		9B0EBFA51F1C748E001FB027 /* GoogleService-Info.plist */ = {isa = PBXFileReference; fileEncoding = 4; lastKnownFileType = text.plist.xml; path = "GoogleService-Info.plist"; sourceTree = "<group>"; };
		9B5035271F1CA0D700887E57 /* NewViewController.swift */ = {isa = PBXFileReference; fileEncoding = 4; lastKnownFileType = sourcecode.swift; path = NewViewController.swift; sourceTree = "<group>"; };
		9B5035291F1CAEEC00887E57 /* RegisterViewController.swift */ = {isa = PBXFileReference; fileEncoding = 4; lastKnownFileType = sourcecode.swift; path = RegisterViewController.swift; sourceTree = "<group>"; };
		ED02A6E4FE2CEDE01FF68E5B /* Pods_Spinner.framework */ = {isa = PBXFileReference; explicitFileType = wrapper.framework; includeInIndex = 0; path = Pods_Spinner.framework; sourceTree = BUILT_PRODUCTS_DIR; };
		F5BC5A6BD104E9ACBA376285 /* Pods-Spinner.release.xcconfig */ = {isa = PBXFileReference; includeInIndex = 1; lastKnownFileType = text.xcconfig; name = "Pods-Spinner.release.xcconfig"; path = "Pods/Target Support Files/Pods-Spinner/Pods-Spinner.release.xcconfig"; sourceTree = "<group>"; };
/* End PBXFileReference section */

/* Begin PBXFrameworksBuildPhase section */
		9B0EBF8D1F1C68ED001FB027 /* Frameworks */ = {
			isa = PBXFrameworksBuildPhase;
			buildActionMask = 2147483647;
			files = (
				13BBCDAE8EEC16F9BF431BAF /* Pods_Spinner.framework in Frameworks */,
			);
			runOnlyForDeploymentPostprocessing = 0;
		};
/* End PBXFrameworksBuildPhase section */

/* Begin PBXGroup section */
		2322F95BD869DFA96959F6BF /* Frameworks */ = {
			isa = PBXGroup;
			children = (
				ED02A6E4FE2CEDE01FF68E5B /* Pods_Spinner.framework */,
			);
			name = Frameworks;
			sourceTree = "<group>";
		};
		9B0EBF871F1C68ED001FB027 = {
			isa = PBXGroup;
			children = (
				9B0EBF921F1C68EE001FB027 /* Spinner */,
				9B0EBF911F1C68EE001FB027 /* Products */,
				BBA4A0CE7D120E67B7D8E9E8 /* Pods */,
				2322F95BD869DFA96959F6BF /* Frameworks */,
			);
			sourceTree = "<group>";
		};
		9B0EBF911F1C68EE001FB027 /* Products */ = {
			isa = PBXGroup;
			children = (
				9B0EBF901F1C68EE001FB027 /* Spinner.app */,
			);
			name = Products;
			sourceTree = "<group>";
		};
		9B0EBF921F1C68EE001FB027 /* Spinner */ = {
			isa = PBXGroup;
			children = (
				9B0EBFA51F1C748E001FB027 /* GoogleService-Info.plist */,
				9B0EBF931F1C68EE001FB027 /* AppDelegate.swift */,
				9B0EBF951F1C68EE001FB027 /* ViewController.swift */,
				9B0EBF971F1C68EE001FB027 /* Main.storyboard */,
				9B0EBF9A1F1C68EE001FB027 /* Assets.xcassets */,
				9B0EBF9C1F1C68EE001FB027 /* LaunchScreen.storyboard */,
				9B0EBF9F1F1C68EE001FB027 /* Info.plist */,
				9B5035271F1CA0D700887E57 /* NewViewController.swift */,
				9B5035291F1CAEEC00887E57 /* RegisterViewController.swift */,
			);
			path = Spinner;
			sourceTree = "<group>";
		};
		BBA4A0CE7D120E67B7D8E9E8 /* Pods */ = {
			isa = PBXGroup;
			children = (
				14E874B3A6F9961777AF62DD /* Pods-Spinner.debug.xcconfig */,
				F5BC5A6BD104E9ACBA376285 /* Pods-Spinner.release.xcconfig */,
			);
			name = Pods;
			sourceTree = "<group>";
		};
/* End PBXGroup section */

/* Begin PBXNativeTarget section */
		9B0EBF8F1F1C68ED001FB027 /* Spinner */ = {
			isa = PBXNativeTarget;
			buildConfigurationList = 9B0EBFA21F1C68EE001FB027 /* Build configuration list for PBXNativeTarget "Spinner" */;
			buildPhases = (
				604684F0D42571E064A5862F /* [CP] Check Pods Manifest.lock */,
				9B0EBF8C1F1C68ED001FB027 /* Sources */,
				9B0EBF8D1F1C68ED001FB027 /* Frameworks */,
				9B0EBF8E1F1C68ED001FB027 /* Resources */,
				9BA5B6E1380699C39D73D39A /* [CP] Embed Pods Frameworks */,
				E96351FC323693A3AFF37E3B /* [CP] Copy Pods Resources */,
			);
			buildRules = (
			);
			dependencies = (
			);
			name = Spinner;
			productName = Spinner;
			productReference = 9B0EBF901F1C68EE001FB027 /* Spinner.app */;
			productType = "com.apple.product-type.application";
		};
/* End PBXNativeTarget section */

/* Begin PBXProject section */
		9B0EBF881F1C68ED001FB027 /* Project object */ = {
			isa = PBXProject;
			attributes = {
				LastSwiftUpdateCheck = 0820;
				LastUpgradeCheck = 0820;
				ORGANIZATIONNAME = training;
				TargetAttributes = {
					9B0EBF8F1F1C68ED001FB027 = {
						CreatedOnToolsVersion = 8.2.1;
						ProvisioningStyle = Automatic;
					};
				};
			};
			buildConfigurationList = 9B0EBF8B1F1C68ED001FB027 /* Build configuration list for PBXProject "Spinner" */;
			compatibilityVersion = "Xcode 3.2";
			developmentRegion = English;
			hasScannedForEncodings = 0;
			knownRegions = (
				en,
				Base,
			);
			mainGroup = 9B0EBF871F1C68ED001FB027;
			productRefGroup = 9B0EBF911F1C68EE001FB027 /* Products */;
			projectDirPath = "";
			projectRoot = "";
			targets = (
				9B0EBF8F1F1C68ED001FB027 /* Spinner */,
			);
		};
/* End PBXProject section */

/* Begin PBXResourcesBuildPhase section */
		9B0EBF8E1F1C68ED001FB027 /* Resources */ = {
			isa = PBXResourcesBuildPhase;
			buildActionMask = 2147483647;
			files = (
				9B0EBF9E1F1C68EE001FB027 /* LaunchScreen.storyboard in Resources */,
				9B0EBFA61F1C748E001FB027 /* GoogleService-Info.plist in Resources */,
				9B0EBF9B1F1C68EE001FB027 /* Assets.xcassets in Resources */,
				9B0EBF991F1C68EE001FB027 /* Main.storyboard in Resources */,
			);
			runOnlyForDeploymentPostprocessing = 0;
		};
/* End PBXResourcesBuildPhase section */

/* Begin PBXShellScriptBuildPhase section */
		604684F0D42571E064A5862F /* [CP] Check Pods Manifest.lock */ = {
			isa = PBXShellScriptBuildPhase;
			buildActionMask = 2147483647;
			files = (
			);
			inputPaths = (
			);
			name = "[CP] Check Pods Manifest.lock";
			outputPaths = (
			);
			runOnlyForDeploymentPostprocessing = 0;
			shellPath = /bin/sh;
			shellScript = "diff \"${PODS_PODFILE_DIR_PATH}/Podfile.lock\" \"${PODS_ROOT}/Manifest.lock\" > /dev/null\nif [ $? != 0 ] ; then\n    # print error to STDERR\n    echo \"error: The sandbox is not in sync with the Podfile.lock. Run 'pod install' or update your CocoaPods installation.\" >&2\n    exit 1\nfi\n";
			showEnvVarsInLog = 0;
		};
		9BA5B6E1380699C39D73D39A /* [CP] Embed Pods Frameworks */ = {
			isa = PBXShellScriptBuildPhase;
			buildActionMask = 2147483647;
			files = (
			);
			inputPaths = (
			);
			name = "[CP] Embed Pods Frameworks";
			outputPaths = (
			);
			runOnlyForDeploymentPostprocessing = 0;
			shellPath = /bin/sh;
			shellScript = "\"${SRCROOT}/Pods/Target Support Files/Pods-Spinner/Pods-Spinner-frameworks.sh\"\n";
			showEnvVarsInLog = 0;
		};
		E96351FC323693A3AFF37E3B /* [CP] Copy Pods Resources */ = {
			isa = PBXShellScriptBuildPhase;
			buildActionMask = 2147483647;
			files = (
			);
			inputPaths = (
			);
			name = "[CP] Copy Pods Resources";
			outputPaths = (
			);
			runOnlyForDeploymentPostprocessing = 0;
			shellPath = /bin/sh;
			shellScript = "\"${SRCROOT}/Pods/Target Support Files/Pods-Spinner/Pods-Spinner-resources.sh\"\n";
			showEnvVarsInLog = 0;
		};
/* End PBXShellScriptBuildPhase section */

/* Begin PBXSourcesBuildPhase section */
		9B0EBF8C1F1C68ED001FB027 /* Sources */ = {
			isa = PBXSourcesBuildPhase;
			buildActionMask = 2147483647;
			files = (
				9B5035281F1CA0D700887E57 /* NewViewController.swift in Sources */,
				9B0EBF961F1C68EE001FB027 /* ViewController.swift in Sources */,
				9B0EBF941F1C68EE001FB027 /* AppDelegate.swift in Sources */,
				9B50352A1F1CAEEC00887E57 /* RegisterViewController.swift in Sources */,
			);
			runOnlyForDeploymentPostprocessing = 0;
		};
/* End PBXSourcesBuildPhase section */

/* Begin PBXVariantGroup section */
		9B0EBF971F1C68EE001FB027 /* Main.storyboard */ = {
			isa = PBXVariantGroup;
			children = (
				9B0EBF981F1C68EE001FB027 /* Base */,
			);
			name = Main.storyboard;
			sourceTree = "<group>";
		};
		9B0EBF9C1F1C68EE001FB027 /* LaunchScreen.storyboard */ = {
			isa = PBXVariantGroup;
			children = (
				9B0EBF9D1F1C68EE001FB027 /* Base */,
			);
			name = LaunchScreen.storyboard;
			sourceTree = "<group>";
		};
/* End PBXVariantGroup section */

/* Begin XCBuildConfiguration section */
		9B0EBFA01F1C68EE001FB027 /* Debug */ = {
			isa = XCBuildConfiguration;
			buildSettings = {
				ALWAYS_SEARCH_USER_PATHS = NO;
				CLANG_ANALYZER_NONNULL = YES;
				CLANG_CXX_LANGUAGE_STANDARD = "gnu++0x";
				CLANG_CXX_LIBRARY = "libc++";
				CLANG_ENABLE_MODULES = YES;
				CLANG_ENABLE_OBJC_ARC = YES;
				CLANG_WARN_BOOL_CONVERSION = YES;
				CLANG_WARN_CONSTANT_CONVERSION = YES;
				CLANG_WARN_DIRECT_OBJC_ISA_USAGE = YES_ERROR;
				CLANG_WARN_DOCUMENTATION_COMMENTS = YES;
				CLANG_WARN_EMPTY_BODY = YES;
				CLANG_WARN_ENUM_CONVERSION = YES;
				CLANG_WARN_INFINITE_RECURSION = YES;
				CLANG_WARN_INT_CONVERSION = YES;
				CLANG_WARN_OBJC_ROOT_CLASS = YES_ERROR;
				CLANG_WARN_SUSPICIOUS_MOVE = YES;
				CLANG_WARN_UNREACHABLE_CODE = YES;
				CLANG_WARN__DUPLICATE_METHOD_MATCH = YES;
				"CODE_SIGN_IDENTITY[sdk=iphoneos*]" = "iPhone Developer";
				COPY_PHASE_STRIP = NO;
				DEBUG_INFORMATION_FORMAT = dwarf;
				ENABLE_STRICT_OBJC_MSGSEND = YES;
				ENABLE_TESTABILITY = YES;
				GCC_C_LANGUAGE_STANDARD = gnu99;
				GCC_DYNAMIC_NO_PIC = NO;
				GCC_NO_COMMON_BLOCKS = YES;
				GCC_OPTIMIZATION_LEVEL = 0;
				GCC_PREPROCESSOR_DEFINITIONS = (
					"DEBUG=1",
					"$(inherited)",
				);
				GCC_WARN_64_TO_32_BIT_CONVERSION = YES;
				GCC_WARN_ABOUT_RETURN_TYPE = YES_ERROR;
				GCC_WARN_UNDECLARED_SELECTOR = YES;
				GCC_WARN_UNINITIALIZED_AUTOS = YES_AGGRESSIVE;
				GCC_WARN_UNUSED_FUNCTION = YES;
				GCC_WARN_UNUSED_VARIABLE = YES;
				IPHONEOS_DEPLOYMENT_TARGET = 10.2;
				MTL_ENABLE_DEBUG_INFO = YES;
				ONLY_ACTIVE_ARCH = YES;
				SDKROOT = iphoneos;
				SWIFT_ACTIVE_COMPILATION_CONDITIONS = DEBUG;
				SWIFT_OPTIMIZATION_LEVEL = "-Onone";
			};
			name = Debug;
		};
		9B0EBFA11F1C68EE001FB027 /* Release */ = {
			isa = XCBuildConfiguration;
			buildSettings = {
				ALWAYS_SEARCH_USER_PATHS = NO;
				CLANG_ANALYZER_NONNULL = YES;
				CLANG_CXX_LANGUAGE_STANDARD = "gnu++0x";
				CLANG_CXX_LIBRARY = "libc++";
				CLANG_ENABLE_MODULES = YES;
				CLANG_ENABLE_OBJC_ARC = YES;
				CLANG_WARN_BOOL_CONVERSION = YES;
				CLANG_WARN_CONSTANT_CONVERSION = YES;
				CLANG_WARN_DIRECT_OBJC_ISA_USAGE = YES_ERROR;
				CLANG_WARN_DOCUMENTATION_COMMENTS = YES;
				CLANG_WARN_EMPTY_BODY = YES;
				CLANG_WARN_ENUM_CONVERSION = YES;
				CLANG_WARN_INFINITE_RECURSION = YES;
				CLANG_WARN_INT_CONVERSION = YES;
				CLANG_WARN_OBJC_ROOT_CLASS = YES_ERROR;
				CLANG_WARN_SUSPICIOUS_MOVE = YES;
				CLANG_WARN_UNREACHABLE_CODE = YES;
				CLANG_WARN__DUPLICATE_METHOD_MATCH = YES;
				"CODE_SIGN_IDENTITY[sdk=iphoneos*]" = "iPhone Developer";
				COPY_PHASE_STRIP = NO;
				DEBUG_INFORMATION_FORMAT = "dwarf-with-dsym";
				ENABLE_NS_ASSERTIONS = NO;
				ENABLE_STRICT_OBJC_MSGSEND = YES;
				GCC_C_LANGUAGE_STANDARD = gnu99;
				GCC_NO_COMMON_BLOCKS = YES;
				GCC_WARN_64_TO_32_BIT_CONVERSION = YES;
				GCC_WARN_ABOUT_RETURN_TYPE = YES_ERROR;
				GCC_WARN_UNDECLARED_SELECTOR = YES;
				GCC_WARN_UNINITIALIZED_AUTOS = YES_AGGRESSIVE;
				GCC_WARN_UNUSED_FUNCTION = YES;
				GCC_WARN_UNUSED_VARIABLE = YES;
				IPHONEOS_DEPLOYMENT_TARGET = 10.2;
				MTL_ENABLE_DEBUG_INFO = NO;
				SDKROOT = iphoneos;
				SWIFT_OPTIMIZATION_LEVEL = "-Owholemodule";
				VALIDATE_PRODUCT = YES;
			};
			name = Release;
		};
		9B0EBFA31F1C68EE001FB027 /* Debug */ = {
			isa = XCBuildConfiguration;
			baseConfigurationReference = 14E874B3A6F9961777AF62DD /* Pods-Spinner.debug.xcconfig */;
			buildSettings = {
				ASSETCATALOG_COMPILER_APPICON_NAME = AppIcon;
				INFOPLIST_FILE = Spinner/Info.plist;
				LD_RUNPATH_SEARCH_PATHS = "$(inherited) @executable_path/Frameworks";
				PRODUCT_BUNDLE_IDENTIFIER = training.Spinner;
				PRODUCT_NAME = "$(TARGET_NAME)";
				SWIFT_VERSION = 3.0;
			};
			name = Debug;
		};
		9B0EBFA41F1C68EE001FB027 /* Release */ = {
			isa = XCBuildConfiguration;
			baseConfigurationReference = F5BC5A6BD104E9ACBA376285 /* Pods-Spinner.release.xcconfig */;
			buildSettings = {
				ASSETCATALOG_COMPILER_APPICON_NAME = AppIcon;
				INFOPLIST_FILE = Spinner/Info.plist;
				LD_RUNPATH_SEARCH_PATHS = "$(inherited) @executable_path/Frameworks";
				PRODUCT_BUNDLE_IDENTIFIER = training.Spinner;
				PRODUCT_NAME = "$(TARGET_NAME)";
				SWIFT_VERSION = 3.0;
			};
			name = Release;
		};
/* End XCBuildConfiguration section */

/* Begin XCConfigurationList section */
		9B0EBF8B1F1C68ED001FB027 /* Build configuration list for PBXProject "Spinner" */ = {
			isa = XCConfigurationList;
			buildConfigurations = (
				9B0EBFA01F1C68EE001FB027 /* Debug */,
				9B0EBFA11F1C68EE001FB027 /* Release */,
			);
			defaultConfigurationIsVisible = 0;
			defaultConfigurationName = Release;
		};
		9B0EBFA21F1C68EE001FB027 /* Build configuration list for PBXNativeTarget "Spinner" */ = {
			isa = XCConfigurationList;
			buildConfigurations = (
				9B0EBFA31F1C68EE001FB027 /* Debug */,
				9B0EBFA41F1C68EE001FB027 /* Release */,
			);
			defaultConfigurationIsVisible = 0;
			defaultConfigurationName = Release;
		};
/* End XCConfigurationList section */
	};
	rootObject = 9B0EBF881F1C68ED001FB027 /* Project object */;
}
